{
  "name": "portfolio",
  "version": "0.1.0",
  "lockfileVersion": 2,
  "requires": true,
  "packages": {
    "": {
      "name": "portfolio",
      "version": "0.1.0",
      "dependencies": {
        "@emailjs/browser": "^4.0.2",
        "@heroicons/react": "^2.1.5",
        "framer-motion": "^10.16.4",
        "react": "^18.2.0",
        "react-dom": "^18.2.0",
        "react-router-dom": "^6.16.0",
        "react-scripts": "5.0.1"
      },
      "devDependencies": {
        "autoprefixer": "^10.4.16",
        "eslint": "^8.57.0",
        "eslint-plugin-jsx-a11y": "^6.8.0",
        "eslint-plugin-react": "^7.34.1",
        "eslint-plugin-react-hooks": "^4.6.0",
        "gh-pages": "^6.0.0",
        "postcss": "^8.4.31",
        "tailwindcss": "^3.3.3"
      }
    },
    "node_modules/@emailjs/browser": {
      "version": "4.0.2",
      "resolved": "https://registry.npmjs.org/@emailjs/browser/-/browser-4.0.2.tgz",
      "integrity": "sha512-y7sTXtF8kKx7R+BoP9QNTOJqGCb6G9UDvGLJocvV+5N3rV2I8c3TK7cMQYh7nq7zT1wwS0Fsp4aMvwYkAroQdDA=="
    },
    "node_modules/@heroicons/react": {
      "version": "2.1.5",
      "resolved": "https://registry.npmjs.org/@heroicons/react/-/react-2.1.5.tgz",
      "integrity": "sha512-FuzFN4iaPku6XhE1DShPf0yD3Tdh8k8JhAjvNmhN6W8i2mrxCECcs4oPQh5Wi6/RX5tKyLpy8h5xL4THWZk35yw=="
    },
    "node_modules/framer-motion": {
      "version": "10.16.4",
      "resolved": "https://registry.npmjs.org/framer-motion/-/framer-motion-10.16.4.tgz",
      "integrity": "sha512-1gIPpo6kt6h1EP22j86AC1p1s+nx0wSkVNYubcmN8nV65kFW6qO6E4AZoQ7N4tcyH5X4H6hRyDFhZ1XFMjO80VA=="
    },
    "node_modules/react": {
      "version": "18.2.0",
      "resolved": "https://registry.npmjs.org/react/-/react-18.2.0.tgz",
      "integrity": "sha512-/3IjMdb2L9QbBdWiW5e3P2/npwMBaU9mHCSCUzNln0ZCYbcfTsGbTJrU/kGemdH2IWmB2ioZ+zkxtmq6g09fGQ=="
    },
    "node_modules/react-dom": {
      "version": "18.2.0",
      "resolved": "https://registry.npmjs.org/react-dom/-/react-dom-18.2.0.tgz",
      "integrity": "sha512-6IMTriUmvsjHUjNtEDudZfuDQUoWXVxKHhlEGSk81n4YFS+r/Kl99wXiwlVXtPBtJenozv2P+hxDsw9eA7Xo6g=="
    },
    "node_modules/react-router-dom": {
      "version": "6.16.0",
      "resolved": "https://registry.npmjs.org/react-router-dom/-/react-router-dom-6.16.0.tgz",
      "integrity": "sha512-aTfBLv3mk/gaKLxgRDUPbPw+s4Y/O+ma3rEN1u8EgEpLpPe6gNjIsWt9rxushMHHMb7mSwxRGdGlGdvmFsyPIg=="
    },
    "node_modules/react-scripts": {
      "version": "5.0.1",
      "resolved": "https://registry.npmjs.org/react-scripts/-/react-scripts-5.0.1.tgz",
      "integrity": "sha512-8VAmEm/ZAwQzJ+C0UHyUHCZiczlJy4F6y9dh4Q1RmD3UAnPG1TlyGypngZp5fK4M+3dm4mrfeDyH8a4iICs5V1g=="
    },
    "node_modules/autoprefixer": {
      "version": "10.4.16",
      "resolved": "https://registry.npmjs.org/autoprefixer/-/autoprefixer-10.4.16.tgz",
      "integrity": "sha512-7vd3UC6xKp0HLfua5IjZlcXvGAGy7cBAXTg2lyQ/8WpNhd6SiZ8Be+xm3FyBSYJx5GKcpRCzBh7RH4/0dnY+uQ=="
    },
    "node_modules/eslint": {
      "version": "8.57.0",
      "resolved": "https://registry.npmjs.org/eslint/-/eslint-8.57.0.tgz",
      "integrity": "sha512-dZ6+mexnaTIbSBZWgou51U6OmzIhYM2VcNdtiTtI7qPNZm35AkprA8D3n1fKe3wJ5IoeHM1Mefn/vAA3Aif78tA=="
    },
    "node_modules/eslint-plugin-jsx-a11y": {
      "version": "6.8.0",
      "resolved": "https://registry.npmjs.org/eslint-plugin-jsx-a11y/-/eslint-plugin-jsx-a11y-6.8.0.tgz",
      "integrity": "sha512-0n0N2SZmTKiVuK7b/OTG3DS0kxK6jS2aCNCURugEnLmJMg4iPJD2yO2FnpQ2XTFqCoDG4msMvXvrdVa+YZLceNg=="
    },
    "node_modules/eslint-plugin-react": {
      "version": "7.34.1",
      "resolved": "https://registry.npmjs.org/eslint-plugin-react/-/eslint-plugin-react-7.34.1.tgz",
      "integrity": "sha512-N97CxlouDT1vf7kNNgMM+Ru4RS2Ldxhf8lCEH1X4DoR82mo35GISy4Kwbk0NFm6D5rM9m6XuJdxW8fUxY2G4SUw=="
    },
    "node_modules/eslint-plugin-react-hooks": {
      "version": "4.6.0",
      "resolved": "https://registry.npmjs.org/eslint-plugin-react-hooks/-/eslint-plugin-react-hooks-4.6.0.tgz",
      "integrity": "sha512-Xl4bZ7Qu1VitMW/2B2ncua8q0jCqw3h4LCb91Ouvq3u6vGpgKxDHpHFJBr4B9qR07fL3cb3rXAd3eE0NS6r0NLw=="
    },
    "node_modules/gh-pages": {
      "version": "6.0.0",
      "resolved": "https://registry.npmjs.org/gh-pages/-/gh-pages-6.0.0.tgz",
      "integrity": "sha512-FXZWJRsvP/fK2HJGY+Di6FRNHvqFF6gO8qlWSFD8HbNa/mbTe8A9EOqB7G4d5gXmxk4keZxSlasAxtVaXW5I4Sg=="
    },
    "node_modules/postcss": {
      "version": "8.4.31",
      "resolved": "https://registry.npmjs.org/postcss/-/postcss-8.4.31.tgz",
      "integrity": "sha512-PS08Iboia9mts/2ygV3eLpY5ghnUcfLV/EXTOW1E2qYxJKGGBUtNjN76FYHnMs36RmARn41bC0AZmn+rR0OVpQ=="
    },
    "node_modules/tailwindcss": {
      "version": "3.3.3",
      "resolved": "https://registry.npmjs.org/tailwindcss/-/tailwindcss-3.3.3.tgz",
      "integrity": "sha512-A0KgSkef7eE4Mf+nKJ83i75TMyq8HqY3qmFIJSWy8bNt0v1lG7jUcpGpoTFxAwYcWOphcTBLPPJg+bDfhDf52wQ=="
    }
  }
}
